
Microsoft Visual Studio Solution File, Format Version 12.00
# Visual Studio Version 17
VisualStudioVersion = 17.0.31903.59
MinimumVisualStudioVersion = 10.0.40219.1
Project("{FAE04EC0-301F-11D3-BF4B-00C04F79EFBC}") = "Webczat.RecordBooster.Refactorings", "Refactorings\Webczat.RecordBooster.Refactorings.csproj", "{BFFC1A63-529C-4E71-B0A4-7A8E9927DBC2}"
EndProject
Project("{FAE04EC0-301F-11D3-BF4B-00C04F79EFBC}") = "Webczat.RecordBooster.Refactorings.Tests", "RefactoringTests\Webczat.RecordBooster.Refactorings.Tests.csproj", "{5E8D9D0F-312A-45C9-A850-DDBEED0DF7B9}"
EndProject
Project("{FAE04EC0-301F-11D3-BF4B-00C04F79EFBC}") = "Webczat.RecordBooster.Playground", "playground\Webczat.RecordBooster.Playground.csproj", "{B13B342B-84D0-4E17-97F9-F3E8C885777F}"
EndProject
Global
	GlobalSection(SolutionConfigurationPlatforms) = preSolution
		Debug|Any CPU = Debug|Any CPU
		Debug|x64 = Debug|x64
		Debug|x86 = Debug|x86
		Release|Any CPU = Release|Any CPU
		Release|x64 = Release|x64
		Release|x86 = Release|x86
	EndGlobalSection
	GlobalSection(ProjectConfigurationPlatforms) = postSolution
		{BFFC1A63-529C-4E71-B0A4-7A8E9927DBC2}.Debug|Any CPU.ActiveCfg = Debug|Any CPU
		{BFFC1A63-529C-4E71-B0A4-7A8E9927DBC2}.Debug|Any CPU.Build.0 = Debug|Any CPU
		{BFFC1A63-529C-4E71-B0A4-7A8E9927DBC2}.Debug|x64.ActiveCfg = Debug|Any CPU
		{BFFC1A63-529C-4E71-B0A4-7A8E9927DBC2}.Debug|x64.Build.0 = Debug|Any CPU
		{BFFC1A63-529C-4E71-B0A4-7A8E9927DBC2}.Debug|x86.ActiveCfg = Debug|Any CPU
		{BFFC1A63-529C-4E71-B0A4-7A8E9927DBC2}.Debug|x86.Build.0 = Debug|Any CPU
		{BFFC1A63-529C-4E71-B0A4-7A8E9927DBC2}.Release|Any CPU.ActiveCfg = Release|Any CPU
		{BFFC1A63-529C-4E71-B0A4-7A8E9927DBC2}.Release|Any CPU.Build.0 = Release|Any CPU
		{BFFC1A63-529C-4E71-B0A4-7A8E9927DBC2}.Release|x64.ActiveCfg = Release|Any CPU
		{BFFC1A63-529C-4E71-B0A4-7A8E9927DBC2}.Release|x64.Build.0 = Release|Any CPU
		{BFFC1A63-529C-4E71-B0A4-7A8E9927DBC2}.Release|x86.ActiveCfg = Release|Any CPU
		{BFFC1A63-529C-4E71-B0A4-7A8E9927DBC2}.Release|x86.Build.0 = Release|Any CPU
		{5E8D9D0F-312A-45C9-A850-DDBEED0DF7B9}.Debug|Any CPU.ActiveCfg = Debug|Any CPU
		{5E8D9D0F-312A-45C9-A850-DDBEED0DF7B9}.Debug|Any CPU.Build.0 = Debug|Any CPU
		{5E8D9D0F-312A-45C9-A850-DDBEED0DF7B9}.Debug|x64.ActiveCfg = Debug|Any CPU
		{5E8D9D0F-312A-45C9-A850-DDBEED0DF7B9}.Debug|x64.Build.0 = Debug|Any CPU
		{5E8D9D0F-312A-45C9-A850-DDBEED0DF7B9}.Debug|x86.ActiveCfg = Debug|Any CPU
		{5E8D9D0F-312A-45C9-A850-DDBEED0DF7B9}.Debug|x86.Build.0 = Debug|Any CPU
		{5E8D9D0F-312A-45C9-A850-DDBEED0DF7B9}.Release|Any CPU.ActiveCfg = Release|Any CPU
		{5E8D9D0F-312A-45C9-A850-DDBEED0DF7B9}.Release|Any CPU.Build.0 = Release|Any CPU
		{5E8D9D0F-312A-45C9-A850-DDBEED0DF7B9}.Release|x64.ActiveCfg = Release|Any CPU
		{5E8D9D0F-312A-45C9-A850-DDBEED0DF7B9}.Release|x64.Build.0 = Release|Any CPU
		{5E8D9D0F-312A-45C9-A850-DDBEED0DF7B9}.Release|x86.ActiveCfg = Release|Any CPU
		{5E8D9D0F-312A-45C9-A850-DDBEED0DF7B9}.Release|x86.Build.0 = Release|Any CPU
		{B13B342B-84D0-4E17-97F9-F3E8C885777F}.Debug|Any CPU.ActiveCfg = Debug|Any CPU
		{B13B342B-84D0-4E17-97F9-F3E8C885777F}.Debug|Any CPU.Build.0 = Debug|Any CPU
		{B13B342B-84D0-4E17-97F9-F3E8C885777F}.Debug|x64.ActiveCfg = Debug|Any CPU
		{B13B342B-84D0-4E17-97F9-F3E8C885777F}.Debug|x64.Build.0 = Debug|Any CPU
		{B13B342B-84D0-4E17-97F9-F3E8C885777F}.Debug|x86.ActiveCfg = Debug|Any CPU
		{B13B342B-84D0-4E17-97F9-F3E8C885777F}.Debug|x86.Build.0 = Debug|Any CPU
		{B13B342B-84D0-4E17-97F9-F3E8C885777F}.Release|Any CPU.ActiveCfg = Release|Any CPU
		{B13B342B-84D0-4E17-97F9-F3E8C885777F}.Release|Any CPU.Build.0 = Release|Any CPU
		{B13B342B-84D0-4E17-97F9-F3E8C885777F}.Release|x64.ActiveCfg = Release|Any CPU
		{B13B342B-84D0-4E17-97F9-F3E8C885777F}.Release|x64.Build.0 = Release|Any CPU
		{B13B342B-84D0-4E17-97F9-F3E8C885777F}.Release|x86.ActiveCfg = Release|Any CPU
		{B13B342B-84D0-4E17-97F9-F3E8C885777F}.Release|x86.Build.0 = Release|Any CPU
	EndGlobalSection
	GlobalSection(SolutionProperties) = preSolution
		HideSolutionNode = FALSE
	EndGlobalSection
EndGlobal
